
Microsoft Visual Studio Solution File, Format Version 12.00
# Visual Studio Version 17
VisualStudioVersion = 17.2.32802.462
MinimumVisualStudioVersion = 10.0.40219.1
Project("{9A19103F-16F7-4668-BE54-9A1E7A4F7556}") = "Torneo.App.Web", "Torneo.App.Web\Torneo.App.Web.csproj", "{CA0D307E-623F-4AE4-B3AC-4A59E76480CC}"
EndProject
Project("{9A19103F-16F7-4668-BE54-9A1E7A4F7556}") = "Torneo.App.Dominio", "Torneo.App.Dominio\Torneo.App.Dominio.csproj", "{41B50890-AAF9-4488-BD61-56103776BF1C}"
EndProject
Project("{9A19103F-16F7-4668-BE54-9A1E7A4F7556}") = "Torneo.App.Persistencia", "Torneo.App.Persistencia\Torneo.App.Persistencia.csproj", "{C22EC704-5965-4AE2-8296-FF5DA77DBE26}"
EndProject
Global
	GlobalSection(SolutionConfigurationPlatforms) = preSolution
		Debug|Any CPU = Debug|Any CPU
		Release|Any CPU = Release|Any CPU
	EndGlobalSection
	GlobalSection(ProjectConfigurationPlatforms) = postSolution
		{CA0D307E-623F-4AE4-B3AC-4A59E76480CC}.Debug|Any CPU.ActiveCfg = Debug|Any CPU
		{CA0D307E-623F-4AE4-B3AC-4A59E76480CC}.Debug|Any CPU.Build.0 = Debug|Any CPU
		{CA0D307E-623F-4AE4-B3AC-4A59E76480CC}.Release|Any CPU.ActiveCfg = Release|Any CPU
		{CA0D307E-623F-4AE4-B3AC-4A59E76480CC}.Release|Any CPU.Build.0 = Release|Any CPU
		{41B50890-AAF9-4488-BD61-56103776BF1C}.Debug|Any CPU.ActiveCfg = Debug|Any CPU
		{41B50890-AAF9-4488-BD61-56103776BF1C}.Debug|Any CPU.Build.0 = Debug|Any CPU
		{41B50890-AAF9-4488-BD61-56103776BF1C}.Release|Any CPU.ActiveCfg = Release|Any CPU
		{41B50890-AAF9-4488-BD61-56103776BF1C}.Release|Any CPU.Build.0 = Release|Any CPU
		{C22EC704-5965-4AE2-8296-FF5DA77DBE26}.Debug|Any CPU.ActiveCfg = Debug|Any CPU
		{C22EC704-5965-4AE2-8296-FF5DA77DBE26}.Debug|Any CPU.Build.0 = Debug|Any CPU
		{C22EC704-5965-4AE2-8296-FF5DA77DBE26}.Release|Any CPU.ActiveCfg = Release|Any CPU
		{C22EC704-5965-4AE2-8296-FF5DA77DBE26}.Release|Any CPU.Build.0 = Release|Any CPU
	EndGlobalSection
	GlobalSection(SolutionProperties) = preSolution
		HideSolutionNode = FALSE
	EndGlobalSection
	GlobalSection(ExtensibilityGlobals) = postSolution
		SolutionGuid = {36826904-20C7-4471-9EB1-63B280081983}
	EndGlobalSection
EndGlobal
